{    "_readme": [        "This file locks the dependencies of your project to a known state",        "Read more about it at https://getcomposer.org/doc/01-basic-usage.md#installing-dependencies",        "This file is @generated automatically"    ],    "content-hash": "d171dba07324ee68747a9e44653ebf85",    "packages": [        {            "name": "nemundo/core",            "version": "0.65",            "source": {                "type": "git",                "url": "https://github.com/nemundo/core.git",                "reference": "8dae92d760f0c7f28fe0c029543773c0f5db36ba"            },            "dist": {                "type": "zip",                "url": "https://api.github.com/repos/nemundo/core/zipball/8dae92d760f0c7f28fe0c029543773c0f5db36ba",                "reference": "8dae92d760f0c7f28fe0c029543773c0f5db36ba",                "shasum": ""            },            "type": "library",            "autoload": {                "psr-4": {                    "Nemundo\\Core\\": "src/"                }            },            "notification-url": "https://packagist.org/downloads/",            "license": [                "MIT"            ],            "authors": [                {                    "name": "Urs Lang",                    "email": "urs.lang@gmail.com"                }            ],            "description": "Core",            "support": {                "issues": "https://github.com/nemundo/core/issues",                "source": "https://github.com/nemundo/core/tree/0.65"            },            "time": "2021-05-04T14:32:18+00:00"        },        {            "name": "nemundo/db",            "version": "0.60",            "source": {                "type": "git",                "url": "https://github.com/nemundo/db.git",                "reference": "0ef24afd423cbeca24eb8ab98bab3a397cceae0c"            },            "dist": {                "type": "zip",                "url": "https://api.github.com/repos/nemundo/db/zipball/0ef24afd423cbeca24eb8ab98bab3a397cceae0c",                "reference": "0ef24afd423cbeca24eb8ab98bab3a397cceae0c",                "shasum": ""            },            "require": {                "nemundo/core": "*"            },            "type": "library",            "autoload": {                "psr-4": {                    "Nemundo\\Db\\": "src/"                }            },            "notification-url": "https://packagist.org/downloads/",            "license": [                "MIT"            ],            "authors": [                {                    "name": "Nemundo",                    "email": "urs.lang@gmail.com"                }            ],            "description": "Database Access",            "support": {                "issues": "https://github.com/nemundo/db/issues",                "source": "https://github.com/nemundo/db/tree/0.60"            },            "time": "2021-05-01T08:44:52+00:00"        },        {            "name": "nemundo/framework",            "version": "0.145",            "source": {                "type": "git",                "url": "https://github.com/nemundo/framework.git",                "reference": "545b8c350c047a359e98ae2f067aaa0d489abc3f"            },            "dist": {                "type": "zip",                "url": "https://api.github.com/repos/nemundo/framework/zipball/545b8c350c047a359e98ae2f067aaa0d489abc3f",                "reference": "545b8c350c047a359e98ae2f067aaa0d489abc3f",                "shasum": ""            },            "require": {                "nemundo/core": "*",                "nemundo/db": "*",                "nemundo/html": "*"            },            "type": "library",            "autoload": {                "psr-4": {                    "Nemundo\\": "src/",                    "NemundoTest\\": "test/"                }            },            "notification-url": "https://packagist.org/downloads/",            "license": [                "MIT"            ],            "authors": [                {                    "name": "Urs Lang",                    "email": "urs.lang@gmail.com"                }            ],            "description": "Nemundo Framework",            "support": {                "issues": "https://github.com/nemundo/framework/issues",                "source": "https://github.com/nemundo/framework/tree/0.145"            },            "time": "2021-05-01T08:24:10+00:00"        },        {            "name": "nemundo/html",            "version": "0.54",            "source": {                "type": "git",                "url": "https://github.com/nemundo/html.git",                "reference": "a84d33fd235b1c67d23d3a83cf3295420ebbba0e"            },            "dist": {                "type": "zip",                "url": "https://api.github.com/repos/nemundo/html/zipball/a84d33fd235b1c67d23d3a83cf3295420ebbba0e",                "reference": "a84d33fd235b1c67d23d3a83cf3295420ebbba0e",                "shasum": ""            },            "require": {                "nemundo/core": "*"            },            "type": "library",            "autoload": {                "psr-4": {                    "Nemundo\\Html\\": "src/"                }            },            "notification-url": "https://packagist.org/downloads/",            "license": [                "MIT"            ],            "authors": [                {                    "name": "Nemundo",                    "email": "urs.lang@gmail.com"                }            ],            "description": "Html Generator",            "support": {                "issues": "https://github.com/nemundo/html/issues",                "source": "https://github.com/nemundo/html/tree/0.54"            },            "time": "2021-04-10T07:25:40+00:00"        },        {            "name": "nemundo/kml",            "version": "0.6",            "source": {                "type": "git",                "url": "git@github.com:nemundo/kml.git",                "reference": "6fdeda9ae32a7fa411630563a528bd3daa8abcc3"            },            "dist": {                "type": "zip",                "url": "https://api.github.com/repos/nemundo/kml/zipball/6fdeda9ae32a7fa411630563a528bd3daa8abcc3",                "reference": "6fdeda9ae32a7fa411630563a528bd3daa8abcc3",                "shasum": ""            },            "require": {                "nemundo/core": "*",                "nemundo/html": "*"            },            "type": "library",            "autoload": {                "psr-4": {                    "Nemundo\\Geo\\Kml\\": "src/"                }            },            "support": {                "source": "https://github.com/nemundo/kml/tree/0.6",                "issues": "https://github.com/nemundo/kml/issues"            },            "time": "2021-04-28T20:02:22+00:00"        }    ],    "packages-dev": [],    "aliases": [],    "minimum-stability": "stable",    "stability-flags": [],    "prefer-stable": false,    "prefer-lowest": false,    "platform": [],    "platform-dev": [],    "plugin-api-version": "2.0.0"}